// !$*UTF8*$!
{
	archiveVersion = 1;
	classes = {
	};
	objectVersion = 56;
	objects = {

/* Begin PBXBuildFile section */
		1B188EDA2A92811F00A0A017 /* ForecastWeather.json in Resources */ = {isa = PBXBuildFile; fileRef = 1B188ED82A92811F00A0A017 /* ForecastWeather.json */; };
		1B188EDB2A92811F00A0A017 /* ForecastWeather.json in Resources */ = {isa = PBXBuildFile; fileRef = 1B188ED82A92811F00A0A017 /* ForecastWeather.json */; };
		1B188EDC2A92811F00A0A017 /* CurrentWeather.json in Resources */ = {isa = PBXBuildFile; fileRef = 1B188ED92A92811F00A0A017 /* CurrentWeather.json */; };
		1B188EDD2A92811F00A0A017 /* CurrentWeather.json in Resources */ = {isa = PBXBuildFile; fileRef = 1B188ED92A92811F00A0A017 /* CurrentWeather.json */; };
		1B5F31DB2A9388D8005150E9 /* WeatherViewController+Tableview.swift in Sources */ = {isa = PBXBuildFile; fileRef = 1B5F31DA2A9388D8005150E9 /* WeatherViewController+Tableview.swift */; };
		1B5F31DD2A938943005150E9 /* WeatherViewController+UI.swift in Sources */ = {isa = PBXBuildFile; fileRef = 1B5F31DC2A938943005150E9 /* WeatherViewController+UI.swift */; };
		1B5F31DF2A93899D005150E9 /* WeatherViewController+Location.swift in Sources */ = {isa = PBXBuildFile; fileRef = 1B5F31DE2A93899D005150E9 /* WeatherViewController+Location.swift */; };
		1B9515732A900919001AB475 /* APIServiceTests.swift in Sources */ = {isa = PBXBuildFile; fileRef = 1B9515722A900919001AB475 /* APIServiceTests.swift */; };
		1BDAFAD92A8F501C00A9F444 /* AppDelegate.swift in Sources */ = {isa = PBXBuildFile; fileRef = 1BDAFAD82A8F501C00A9F444 /* AppDelegate.swift */; };
		1BDAFADB2A8F501C00A9F444 /* SceneDelegate.swift in Sources */ = {isa = PBXBuildFile; fileRef = 1BDAFADA2A8F501C00A9F444 /* SceneDelegate.swift */; };
		1BDAFADD2A8F501C00A9F444 /* WeatherViewController.swift in Sources */ = {isa = PBXBuildFile; fileRef = 1BDAFADC2A8F501C00A9F444 /* WeatherViewController.swift */; };
		1BDAFAE02A8F501C00A9F444 /* Main.storyboard in Resources */ = {isa = PBXBuildFile; fileRef = 1BDAFADE2A8F501C00A9F444 /* Main.storyboard */; };
		1BDAFAE22A8F501D00A9F444 /* Assets.xcassets in Resources */ = {isa = PBXBuildFile; fileRef = 1BDAFAE12A8F501D00A9F444 /* Assets.xcassets */; };
		1BDAFAE52A8F501D00A9F444 /* LaunchScreen.storyboard in Resources */ = {isa = PBXBuildFile; fileRef = 1BDAFAE32A8F501D00A9F444 /* LaunchScreen.storyboard */; };
		1BDAFAF02A8F501D00A9F444 /* DailyWeatherTests.swift in Sources */ = {isa = PBXBuildFile; fileRef = 1BDAFAEF2A8F501D00A9F444 /* DailyWeatherTests.swift */; };
		1BDAFAFA2A8F501D00A9F444 /* DailyWeatherUITests.swift in Sources */ = {isa = PBXBuildFile; fileRef = 1BDAFAF92A8F501D00A9F444 /* DailyWeatherUITests.swift */; };
		1BDAFAFC2A8F501D00A9F444 /* DailyWeatherUITestsLaunchTests.swift in Sources */ = {isa = PBXBuildFile; fileRef = 1BDAFAFB2A8F501D00A9F444 /* DailyWeatherUITestsLaunchTests.swift */; };
		1BDAFB132A8F5A1800A9F444 /* APIManager.swift in Sources */ = {isa = PBXBuildFile; fileRef = 1BDAFB122A8F5A1800A9F444 /* APIManager.swift */; };
		1BDAFB152A8F5A2800A9F444 /* Enumerations.swift in Sources */ = {isa = PBXBuildFile; fileRef = 1BDAFB142A8F5A2800A9F444 /* Enumerations.swift */; };
		1BDAFB172A8F5A3600A9F444 /* Constant.swift in Sources */ = {isa = PBXBuildFile; fileRef = 1BDAFB162A8F5A3600A9F444 /* Constant.swift */; };
		1BDAFB192A8F5A7B00A9F444 /* NetworkManager.swift in Sources */ = {isa = PBXBuildFile; fileRef = 1BDAFB182A8F5A7B00A9F444 /* NetworkManager.swift */; };
		1BDAFB1B2A8F5A8600A9F444 /* LocationManager.swift in Sources */ = {isa = PBXBuildFile; fileRef = 1BDAFB1A2A8F5A8600A9F444 /* LocationManager.swift */; };
		1BDAFB1D2A8F5C2000A9F444 /* Helper.swift in Sources */ = {isa = PBXBuildFile; fileRef = 1BDAFB1C2A8F5C2000A9F444 /* Helper.swift */; };
		1BDAFB1F2A8F5C8E00A9F444 /* CurrentWeatherData.swift in Sources */ = {isa = PBXBuildFile; fileRef = 1BDAFB1E2A8F5C8E00A9F444 /* CurrentWeatherData.swift */; };
		1BDAFB212A8F5CA600A9F444 /* ForecastWeatherData.swift in Sources */ = {isa = PBXBuildFile; fileRef = 1BDAFB202A8F5CA600A9F444 /* ForecastWeatherData.swift */; };
		1BDAFB232A8F5DA600A9F444 /* CurrentWeatherViewModel.swift in Sources */ = {isa = PBXBuildFile; fileRef = 1BDAFB222A8F5DA600A9F444 /* CurrentWeatherViewModel.swift */; };
		1BDAFB252A8F5F4C00A9F444 /* ForecastWeatherViewModel.swift in Sources */ = {isa = PBXBuildFile; fileRef = 1BDAFB242A8F5F4C00A9F444 /* ForecastWeatherViewModel.swift */; };
		1BDAFB4F2A8F700000A9F444 /* OpenSans-ExtraBold.ttf in Resources */ = {isa = PBXBuildFile; fileRef = 1BDAFB2B2A8F6FFF00A9F444 /* OpenSans-ExtraBold.ttf */; };
		1BDAFB562A8F700000A9F444 /* OpenSans-Bold.ttf in Resources */ = {isa = PBXBuildFile; fileRef = 1BDAFB322A8F6FFF00A9F444 /* OpenSans-Bold.ttf */; };
		1BDAFB5E2A8F700000A9F444 /* OpenSans-Medium.ttf in Resources */ = {isa = PBXBuildFile; fileRef = 1BDAFB3A2A8F6FFF00A9F444 /* OpenSans-Medium.ttf */; };
		1BDAFB6B2A8F700000A9F444 /* OpenSans-Light.ttf in Resources */ = {isa = PBXBuildFile; fileRef = 1BDAFB472A8F700000A9F444 /* OpenSans-Light.ttf */; };
		1BDAFB6C2A8F700000A9F444 /* OpenSans-SemiBold.ttf in Resources */ = {isa = PBXBuildFile; fileRef = 1BDAFB482A8F700000A9F444 /* OpenSans-SemiBold.ttf */; };
		1BDAFB6F2A8F700000A9F444 /* OpenSans-Regular.ttf in Resources */ = {isa = PBXBuildFile; fileRef = 1BDAFB4B2A8F700000A9F444 /* OpenSans-Regular.ttf */; };
		1BDAFB712A8F8BE500A9F444 /* Extensions.swift in Sources */ = {isa = PBXBuildFile; fileRef = 1BDAFB702A8F8BE500A9F444 /* Extensions.swift */; };
		1BDAFB742A8F8FF800A9F444 /* WeatherTableCell.swift in Sources */ = {isa = PBXBuildFile; fileRef = 1BDAFB722A8F8FF800A9F444 /* WeatherTableCell.swift */; };
		1BDAFB752A8F8FF800A9F444 /* WeatherTableCell.xib in Resources */ = {isa = PBXBuildFile; fileRef = 1BDAFB732A8F8FF800A9F444 /* WeatherTableCell.xib */; };
		1BDAFB772A8F9FF200A9F444 /* WeatherDetailsViewController.swift in Sources */ = {isa = PBXBuildFile; fileRef = 1BDAFB762A8F9FF200A9F444 /* WeatherDetailsViewController.swift */; };
/* End PBXBuildFile section */

/* Begin PBXContainerItemProxy section */
		1BDAFAEC2A8F501D00A9F444 /* PBXContainerItemProxy */ = {
			isa = PBXContainerItemProxy;
			containerPortal = 1BDAFACD2A8F501C00A9F444 /* Project object */;
			proxyType = 1;
			remoteGlobalIDString = 1BDAFAD42A8F501C00A9F444;
			remoteInfo = DailyWeather;
		};
		1BDAFAF62A8F501D00A9F444 /* PBXContainerItemProxy */ = {
			isa = PBXContainerItemProxy;
			containerPortal = 1BDAFACD2A8F501C00A9F444 /* Project object */;
			proxyType = 1;
			remoteGlobalIDString = 1BDAFAD42A8F501C00A9F444;
			remoteInfo = DailyWeather;
		};
/* End PBXContainerItemProxy section */

/* Begin PBXFileReference section */
		1B188ED82A92811F00A0A017 /* ForecastWeather.json */ = {isa = PBXFileReference; fileEncoding = 4; lastKnownFileType = text.json; path = ForecastWeather.json; sourceTree = "<group>"; };
		1B188ED92A92811F00A0A017 /* CurrentWeather.json */ = {isa = PBXFileReference; fileEncoding = 4; lastKnownFileType = text.json; path = CurrentWeather.json; sourceTree = "<group>"; };
		1B5F31DA2A9388D8005150E9 /* WeatherViewController+Tableview.swift */ = {isa = PBXFileReference; lastKnownFileType = sourcecode.swift; path = "WeatherViewController+Tableview.swift"; sourceTree = "<group>"; };
		1B5F31DC2A938943005150E9 /* WeatherViewController+UI.swift */ = {isa = PBXFileReference; lastKnownFileType = sourcecode.swift; path = "WeatherViewController+UI.swift"; sourceTree = "<group>"; };
		1B5F31DE2A93899D005150E9 /* WeatherViewController+Location.swift */ = {isa = PBXFileReference; lastKnownFileType = sourcecode.swift; path = "WeatherViewController+Location.swift"; sourceTree = "<group>"; };
		1B9515722A900919001AB475 /* APIServiceTests.swift */ = {isa = PBXFileReference; lastKnownFileType = sourcecode.swift; path = APIServiceTests.swift; sourceTree = "<group>"; };
		1BDAFAD52A8F501C00A9F444 /* DailyWeather.app */ = {isa = PBXFileReference; explicitFileType = wrapper.application; includeInIndex = 0; path = DailyWeather.app; sourceTree = BUILT_PRODUCTS_DIR; };
		1BDAFAD82A8F501C00A9F444 /* AppDelegate.swift */ = {isa = PBXFileReference; lastKnownFileType = sourcecode.swift; path = AppDelegate.swift; sourceTree = "<group>"; };
		1BDAFADA2A8F501C00A9F444 /* SceneDelegate.swift */ = {isa = PBXFileReference; lastKnownFileType = sourcecode.swift; path = SceneDelegate.swift; sourceTree = "<group>"; };
		1BDAFADC2A8F501C00A9F444 /* WeatherViewController.swift */ = {isa = PBXFileReference; lastKnownFileType = sourcecode.swift; path = WeatherViewController.swift; sourceTree = "<group>"; };
		1BDAFADF2A8F501C00A9F444 /* Base */ = {isa = PBXFileReference; lastKnownFileType = file.storyboard; name = Base; path = Base.lproj/Main.storyboard; sourceTree = "<group>"; };
		1BDAFAE12A8F501D00A9F444 /* Assets.xcassets */ = {isa = PBXFileReference; lastKnownFileType = folder.assetcatalog; path = Assets.xcassets; sourceTree = "<group>"; };
		1BDAFAE42A8F501D00A9F444 /* Base */ = {isa = PBXFileReference; lastKnownFileType = file.storyboard; name = Base; path = Base.lproj/LaunchScreen.storyboard; sourceTree = "<group>"; };
		1BDAFAE62A8F501D00A9F444 /* Info.plist */ = {isa = PBXFileReference; lastKnownFileType = text.plist.xml; path = Info.plist; sourceTree = "<group>"; };
		1BDAFAEB2A8F501D00A9F444 /* DailyWeatherTests.xctest */ = {isa = PBXFileReference; explicitFileType = wrapper.cfbundle; includeInIndex = 0; path = DailyWeatherTests.xctest; sourceTree = BUILT_PRODUCTS_DIR; };
		1BDAFAEF2A8F501D00A9F444 /* DailyWeatherTests.swift */ = {isa = PBXFileReference; lastKnownFileType = sourcecode.swift; path = DailyWeatherTests.swift; sourceTree = "<group>"; };
		1BDAFAF52A8F501D00A9F444 /* DailyWeatherUITests.xctest */ = {isa = PBXFileReference; explicitFileType = wrapper.cfbundle; includeInIndex = 0; path = DailyWeatherUITests.xctest; sourceTree = BUILT_PRODUCTS_DIR; };
		1BDAFAF92A8F501D00A9F444 /* DailyWeatherUITests.swift */ = {isa = PBXFileReference; lastKnownFileType = sourcecode.swift; path = DailyWeatherUITests.swift; sourceTree = "<group>"; };
		1BDAFAFB2A8F501D00A9F444 /* DailyWeatherUITestsLaunchTests.swift */ = {isa = PBXFileReference; lastKnownFileType = sourcecode.swift; path = DailyWeatherUITestsLaunchTests.swift; sourceTree = "<group>"; };
		1BDAFB122A8F5A1800A9F444 /* APIManager.swift */ = {isa = PBXFileReference; lastKnownFileType = sourcecode.swift; path = APIManager.swift; sourceTree = "<group>"; };
		1BDAFB142A8F5A2800A9F444 /* Enumerations.swift */ = {isa = PBXFileReference; lastKnownFileType = sourcecode.swift; path = Enumerations.swift; sourceTree = "<group>"; };
		1BDAFB162A8F5A3600A9F444 /* Constant.swift */ = {isa = PBXFileReference; lastKnownFileType = sourcecode.swift; path = Constant.swift; sourceTree = "<group>"; };
		1BDAFB182A8F5A7B00A9F444 /* NetworkManager.swift */ = {isa = PBXFileReference; lastKnownFileType = sourcecode.swift; path = NetworkManager.swift; sourceTree = "<group>"; };
		1BDAFB1A2A8F5A8600A9F444 /* LocationManager.swift */ = {isa = PBXFileReference; lastKnownFileType = sourcecode.swift; path = LocationManager.swift; sourceTree = "<group>"; };
		1BDAFB1C2A8F5C2000A9F444 /* Helper.swift */ = {isa = PBXFileReference; lastKnownFileType = sourcecode.swift; path = Helper.swift; sourceTree = "<group>"; };
		1BDAFB1E2A8F5C8E00A9F444 /* CurrentWeatherData.swift */ = {isa = PBXFileReference; lastKnownFileType = sourcecode.swift; path = CurrentWeatherData.swift; sourceTree = "<group>"; };
		1BDAFB202A8F5CA600A9F444 /* ForecastWeatherData.swift */ = {isa = PBXFileReference; lastKnownFileType = sourcecode.swift; path = ForecastWeatherData.swift; sourceTree = "<group>"; };
		1BDAFB222A8F5DA600A9F444 /* CurrentWeatherViewModel.swift */ = {isa = PBXFileReference; lastKnownFileType = sourcecode.swift; path = CurrentWeatherViewModel.swift; sourceTree = "<group>"; };
		1BDAFB242A8F5F4C00A9F444 /* ForecastWeatherViewModel.swift */ = {isa = PBXFileReference; lastKnownFileType = sourcecode.swift; path = ForecastWeatherViewModel.swift; sourceTree = "<group>"; };
		1BDAFB2B2A8F6FFF00A9F444 /* OpenSans-ExtraBold.ttf */ = {isa = PBXFileReference; lastKnownFileType = file; path = "OpenSans-ExtraBold.ttf"; sourceTree = "<group>"; };
		1BDAFB322A8F6FFF00A9F444 /* OpenSans-Bold.ttf */ = {isa = PBXFileReference; lastKnownFileType = file; path = "OpenSans-Bold.ttf"; sourceTree = "<group>"; };
		1BDAFB3A2A8F6FFF00A9F444 /* OpenSans-Medium.ttf */ = {isa = PBXFileReference; lastKnownFileType = file; path = "OpenSans-Medium.ttf"; sourceTree = "<group>"; };
		1BDAFB472A8F700000A9F444 /* OpenSans-Light.ttf */ = {isa = PBXFileReference; lastKnownFileType = file; path = "OpenSans-Light.ttf"; sourceTree = "<group>"; };
		1BDAFB482A8F700000A9F444 /* OpenSans-SemiBold.ttf */ = {isa = PBXFileReference; lastKnownFileType = file; path = "OpenSans-SemiBold.ttf"; sourceTree = "<group>"; };
		1BDAFB4B2A8F700000A9F444 /* OpenSans-Regular.ttf */ = {isa = PBXFileReference; lastKnownFileType = file; path = "OpenSans-Regular.ttf"; sourceTree = "<group>"; };
		1BDAFB702A8F8BE500A9F444 /* Extensions.swift */ = {isa = PBXFileReference; lastKnownFileType = sourcecode.swift; path = Extensions.swift; sourceTree = "<group>"; };
		1BDAFB722A8F8FF800A9F444 /* WeatherTableCell.swift */ = {isa = PBXFileReference; lastKnownFileType = sourcecode.swift; path = WeatherTableCell.swift; sourceTree = "<group>"; };
		1BDAFB732A8F8FF800A9F444 /* WeatherTableCell.xib */ = {isa = PBXFileReference; lastKnownFileType = file.xib; path = WeatherTableCell.xib; sourceTree = "<group>"; };
		1BDAFB762A8F9FF200A9F444 /* WeatherDetailsViewController.swift */ = {isa = PBXFileReference; lastKnownFileType = sourcecode.swift; path = WeatherDetailsViewController.swift; sourceTree = "<group>"; };
/* End PBXFileReference section */

/* Begin PBXFrameworksBuildPhase section */
		1BDAFAD22A8F501C00A9F444 /* Frameworks */ = {
			isa = PBXFrameworksBuildPhase;
			buildActionMask = 2147483647;
			files = (
			);
			runOnlyForDeploymentPostprocessing = 0;
		};
		1BDAFAE82A8F501D00A9F444 /* Frameworks */ = {
			isa = PBXFrameworksBuildPhase;
			buildActionMask = 2147483647;
			files = (
			);
			runOnlyForDeploymentPostprocessing = 0;
		};
		1BDAFAF22A8F501D00A9F444 /* Frameworks */ = {
			isa = PBXFrameworksBuildPhase;
			buildActionMask = 2147483647;
			files = (
			);
			runOnlyForDeploymentPostprocessing = 0;
		};
/* End PBXFrameworksBuildPhase section */

/* Begin PBXGroup section */
		1BDAFACC2A8F501C00A9F444 = {
			isa = PBXGroup;
			children = (
				1BDAFAD72A8F501C00A9F444 /* DailyWeather */,
				1BDAFAEE2A8F501D00A9F444 /* DailyWeatherTests */,
				1BDAFAF82A8F501D00A9F444 /* DailyWeatherUITests */,
				1BDAFAD62A8F501C00A9F444 /* Products */,
			);
			sourceTree = "<group>";
		};
		1BDAFAD62A8F501C00A9F444 /* Products */ = {
			isa = PBXGroup;
			children = (
				1BDAFAD52A8F501C00A9F444 /* DailyWeather.app */,
				1BDAFAEB2A8F501D00A9F444 /* DailyWeatherTests.xctest */,
				1BDAFAF52A8F501D00A9F444 /* DailyWeatherUITests.xctest */,
			);
			name = Products;
			sourceTree = "<group>";
		};
		1BDAFAD72A8F501C00A9F444 /* DailyWeather */ = {
			isa = PBXGroup;
			children = (
				1B188ED92A92811F00A0A017 /* CurrentWeather.json */,
				1B188ED82A92811F00A0A017 /* ForecastWeather.json */,
				1BDAFB272A8F6F7D00A9F444 /* Fonts */,
				1BDAFB0A2A8F599700A9F444 /* Application */,
				1BDAFB0B2A8F59A100A9F444 /* Constants */,
				1BDAFB0C2A8F59AE00A9F444 /* Extensions */,
				1BDAFB0D2A8F59BB00A9F444 /* Helper */,
				1BDAFB0E2A8F59C700A9F444 /* Screens */,
				1BDAFB092A8F598000A9F444 /* Storyboard */,
				1BDAFB082A8F596800A9F444 /* Resources */,
				1BDAFAE62A8F501D00A9F444 /* Info.plist */,
			);
			path = DailyWeather;
			sourceTree = "<group>";
		};
		1BDAFAEE2A8F501D00A9F444 /* DailyWeatherTests */ = {
			isa = PBXGroup;
			children = (
				1BDAFAEF2A8F501D00A9F444 /* DailyWeatherTests.swift */,
				1B9515722A900919001AB475 /* APIServiceTests.swift */,
			);
			path = DailyWeatherTests;
			sourceTree = "<group>";
		};
		1BDAFAF82A8F501D00A9F444 /* DailyWeatherUITests */ = {
			isa = PBXGroup;
			children = (
				1BDAFAF92A8F501D00A9F444 /* DailyWeatherUITests.swift */,
				1BDAFAFB2A8F501D00A9F444 /* DailyWeatherUITestsLaunchTests.swift */,
			);
			path = DailyWeatherUITests;
			sourceTree = "<group>";
		};
		1BDAFB082A8F596800A9F444 /* Resources */ = {
			isa = PBXGroup;
			children = (
				1BDAFAE12A8F501D00A9F444 /* Assets.xcassets */,
			);
			path = Resources;
			sourceTree = "<group>";
		};
		1BDAFB092A8F598000A9F444 /* Storyboard */ = {
			isa = PBXGroup;
			children = (
				1BDAFADE2A8F501C00A9F444 /* Main.storyboard */,
				1BDAFAE32A8F501D00A9F444 /* LaunchScreen.storyboard */,
			);
			path = Storyboard;
			sourceTree = "<group>";
		};
		1BDAFB0A2A8F599700A9F444 /* Application */ = {
			isa = PBXGroup;
			children = (
				1BDAFAD82A8F501C00A9F444 /* AppDelegate.swift */,
				1BDAFADA2A8F501C00A9F444 /* SceneDelegate.swift */,
			);
			path = Application;
			sourceTree = "<group>";
		};
		1BDAFB0B2A8F59A100A9F444 /* Constants */ = {
			isa = PBXGroup;
			children = (
				1BDAFB162A8F5A3600A9F444 /* Constant.swift */,
			);
			path = Constants;
			sourceTree = "<group>";
		};
		1BDAFB0C2A8F59AE00A9F444 /* Extensions */ = {
			isa = PBXGroup;
			children = (
				1BDAFB142A8F5A2800A9F444 /* Enumerations.swift */,
				1BDAFB702A8F8BE500A9F444 /* Extensions.swift */,
			);
			path = Extensions;
			sourceTree = "<group>";
		};
		1BDAFB0D2A8F59BB00A9F444 /* Helper */ = {
			isa = PBXGroup;
			children = (
				1BDAFB122A8F5A1800A9F444 /* APIManager.swift */,
				1BDAFB182A8F5A7B00A9F444 /* NetworkManager.swift */,
				1BDAFB1A2A8F5A8600A9F444 /* LocationManager.swift */,
				1BDAFB1C2A8F5C2000A9F444 /* Helper.swift */,
			);
			path = Helper;
			sourceTree = "<group>";
		};
		1BDAFB0E2A8F59C700A9F444 /* Screens */ = {
			isa = PBXGroup;
			children = (
				1BDAFB0F2A8F59EE00A9F444 /* Model */,
				1BDAFB102A8F59F400A9F444 /* View */,
				1BDAFB112A8F59FB00A9F444 /* ViewModel */,
			);
			path = Screens;
			sourceTree = "<group>";
		};
		1BDAFB0F2A8F59EE00A9F444 /* Model */ = {
			isa = PBXGroup;
			children = (
				1BDAFB1E2A8F5C8E00A9F444 /* CurrentWeatherData.swift */,
				1BDAFB202A8F5CA600A9F444 /* ForecastWeatherData.swift */,
			);
			path = Model;
			sourceTree = "<group>";
		};
		1BDAFB102A8F59F400A9F444 /* View */ = {
			isa = PBXGroup;
			children = (
				1BDAFADC2A8F501C00A9F444 /* WeatherViewController.swift */,
				1B5F31DA2A9388D8005150E9 /* WeatherViewController+Tableview.swift */,
				1B5F31DC2A938943005150E9 /* WeatherViewController+UI.swift */,
				1B5F31DE2A93899D005150E9 /* WeatherViewController+Location.swift */,
				1BDAFB762A8F9FF200A9F444 /* WeatherDetailsViewController.swift */,
				1BDAFB722A8F8FF800A9F444 /* WeatherTableCell.swift */,
				1BDAFB732A8F8FF800A9F444 /* WeatherTableCell.xib */,
			);
			path = View;
			sourceTree = "<group>";
		};
		1BDAFB112A8F59FB00A9F444 /* ViewModel */ = {
			isa = PBXGroup;
			children = (
				1BDAFB222A8F5DA600A9F444 /* CurrentWeatherViewModel.swift */,
				1BDAFB242A8F5F4C00A9F444 /* ForecastWeatherViewModel.swift */,
			);
			path = ViewModel;
			sourceTree = "<group>";
		};
		1BDAFB272A8F6F7D00A9F444 /* Fonts */ = {
			isa = PBXGroup;
			children = (
				1BDAFB322A8F6FFF00A9F444 /* OpenSans-Bold.ttf */,
				1BDAFB2B2A8F6FFF00A9F444 /* OpenSans-ExtraBold.ttf */,
				1BDAFB472A8F700000A9F444 /* OpenSans-Light.ttf */,
				1BDAFB3A2A8F6FFF00A9F444 /* OpenSans-Medium.ttf */,
				1BDAFB4B2A8F700000A9F444 /* OpenSans-Regular.ttf */,
				1BDAFB482A8F700000A9F444 /* OpenSans-SemiBold.ttf */,
			);
			path = Fonts;
			sourceTree = "<group>";
		};
/* End PBXGroup section */

/* Begin PBXNativeTarget section */
		1BDAFAD42A8F501C00A9F444 /* DailyWeather */ = {
			isa = PBXNativeTarget;
			buildConfigurationList = 1BDAFAFF2A8F501D00A9F444 /* Build configuration list for PBXNativeTarget "DailyWeather" */;
			buildPhases = (
				1BDAFAD12A8F501C00A9F444 /* Sources */,
				1BDAFAD22A8F501C00A9F444 /* Frameworks */,
				1BDAFAD32A8F501C00A9F444 /* Resources */,
			);
			buildRules = (
			);
			dependencies = (
			);
			name = DailyWeather;
			productName = DailyWeather;
			productReference = 1BDAFAD52A8F501C00A9F444 /* DailyWeather.app */;
			productType = "com.apple.product-type.application";
		};
		1BDAFAEA2A8F501D00A9F444 /* DailyWeatherTests */ = {
			isa = PBXNativeTarget;
			buildConfigurationList = 1BDAFB022A8F501D00A9F444 /* Build configuration list for PBXNativeTarget "DailyWeatherTests" */;
			buildPhases = (
				1BDAFAE72A8F501D00A9F444 /* Sources */,
				1BDAFAE82A8F501D00A9F444 /* Frameworks */,
				1BDAFAE92A8F501D00A9F444 /* Resources */,
			);
			buildRules = (
			);
			dependencies = (
				1BDAFAED2A8F501D00A9F444 /* PBXTargetDependency */,
			);
			name = DailyWeatherTests;
			productName = DailyWeatherTests;
			productReference = 1BDAFAEB2A8F501D00A9F444 /* DailyWeatherTests.xctest */;
			productType = "com.apple.product-type.bundle.unit-test";
		};
		1BDAFAF42A8F501D00A9F444 /* DailyWeatherUITests */ = {
			isa = PBXNativeTarget;
			buildConfigurationList = 1BDAFB052A8F501D00A9F444 /* Build configuration list for PBXNativeTarget "DailyWeatherUITests" */;
			buildPhases = (
				1BDAFAF12A8F501D00A9F444 /* Sources */,
				1BDAFAF22A8F501D00A9F444 /* Frameworks */,
				1BDAFAF32A8F501D00A9F444 /* Resources */,
			);
			buildRules = (
			);
			dependencies = (
				1BDAFAF72A8F501D00A9F444 /* PBXTargetDependency */,
			);
			name = DailyWeatherUITests;
			productName = DailyWeatherUITests;
			productReference = 1BDAFAF52A8F501D00A9F444 /* DailyWeatherUITests.xctest */;
			productType = "com.apple.product-type.bundle.ui-testing";
		};
/* End PBXNativeTarget section */

/* Begin PBXProject section */
		1BDAFACD2A8F501C00A9F444 /* Project object */ = {
			isa = PBXProject;
			attributes = {
				BuildIndependentTargetsInParallel = 1;
				LastSwiftUpdateCheck = 1430;
				LastUpgradeCheck = 1430;
				TargetAttributes = {
					1BDAFAD42A8F501C00A9F444 = {
						CreatedOnToolsVersion = 14.3.1;
					};
					1BDAFAEA2A8F501D00A9F444 = {
						CreatedOnToolsVersion = 14.3.1;
						TestTargetID = 1BDAFAD42A8F501C00A9F444;
					};
					1BDAFAF42A8F501D00A9F444 = {
						CreatedOnToolsVersion = 14.3.1;
						TestTargetID = 1BDAFAD42A8F501C00A9F444;
					};
				};
			};
			buildConfigurationList = 1BDAFAD02A8F501C00A9F444 /* Build configuration list for PBXProject "DailyWeather" */;
			compatibilityVersion = "Xcode 14.0";
			developmentRegion = en;
			hasScannedForEncodings = 0;
			knownRegions = (
				en,
				Base,
			);
			mainGroup = 1BDAFACC2A8F501C00A9F444;
			productRefGroup = 1BDAFAD62A8F501C00A9F444 /* Products */;
			projectDirPath = "";
			projectRoot = "";
			targets = (
				1BDAFAD42A8F501C00A9F444 /* DailyWeather */,
				1BDAFAEA2A8F501D00A9F444 /* DailyWeatherTests */,
				1BDAFAF42A8F501D00A9F444 /* DailyWeatherUITests */,
			);
		};
/* End PBXProject section */

/* Begin PBXResourcesBuildPhase section */
		1BDAFAD32A8F501C00A9F444 /* Resources */ = {
			isa = PBXResourcesBuildPhase;
			buildActionMask = 2147483647;
			files = (
				1BDAFAE52A8F501D00A9F444 /* LaunchScreen.storyboard in Resources */,
				1BDAFB4F2A8F700000A9F444 /* OpenSans-ExtraBold.ttf in Resources */,
				1BDAFB5E2A8F700000A9F444 /* OpenSans-Medium.ttf in Resources */,
				1B188EDA2A92811F00A0A017 /* ForecastWeather.json in Resources */,
				1BDAFAE22A8F501D00A9F444 /* Assets.xcassets in Resources */,
				1BDAFB6B2A8F700000A9F444 /* OpenSans-Light.ttf in Resources */,
				1B188EDC2A92811F00A0A017 /* CurrentWeather.json in Resources */,
				1BDAFB752A8F8FF800A9F444 /* WeatherTableCell.xib in Resources */,
				1BDAFB562A8F700000A9F444 /* OpenSans-Bold.ttf in Resources */,
				1BDAFB6C2A8F700000A9F444 /* OpenSans-SemiBold.ttf in Resources */,
				1BDAFAE02A8F501C00A9F444 /* Main.storyboard in Resources */,
				1BDAFB6F2A8F700000A9F444 /* OpenSans-Regular.ttf in Resources */,
			);
			runOnlyForDeploymentPostprocessing = 0;
		};
		1BDAFAE92A8F501D00A9F444 /* Resources */ = {
			isa = PBXResourcesBuildPhase;
			buildActionMask = 2147483647;
			files = (
				1B188EDD2A92811F00A0A017 /* CurrentWeather.json in Resources */,
				1B188EDB2A92811F00A0A017 /* ForecastWeather.json in Resources */,
			);
			runOnlyForDeploymentPostprocessing = 0;
		};
		1BDAFAF32A8F501D00A9F444 /* Resources */ = {
			isa = PBXResourcesBuildPhase;
			buildActionMask = 2147483647;
			files = (
			);
			runOnlyForDeploymentPostprocessing = 0;
		};
/* End PBXResourcesBuildPhase section */

/* Begin PBXSourcesBuildPhase section */
		1BDAFAD12A8F501C00A9F444 /* Sources */ = {
			isa = PBXSourcesBuildPhase;
			buildActionMask = 2147483647;
			files = (
				1BDAFB132A8F5A1800A9F444 /* APIManager.swift in Sources */,
				1BDAFADD2A8F501C00A9F444 /* WeatherViewController.swift in Sources */,
				1BDAFB1F2A8F5C8E00A9F444 /* CurrentWeatherData.swift in Sources */,
				1BDAFB212A8F5CA600A9F444 /* ForecastWeatherData.swift in Sources */,
				1BDAFAD92A8F501C00A9F444 /* AppDelegate.swift in Sources */,
				1BDAFB742A8F8FF800A9F444 /* WeatherTableCell.swift in Sources */,
				1BDAFB192A8F5A7B00A9F444 /* NetworkManager.swift in Sources */,
				1B5F31DD2A938943005150E9 /* WeatherViewController+UI.swift in Sources */,
				1BDAFB252A8F5F4C00A9F444 /* ForecastWeatherViewModel.swift in Sources */,
				1BDAFB1B2A8F5A8600A9F444 /* LocationManager.swift in Sources */,
				1B5F31DB2A9388D8005150E9 /* WeatherViewController+Tableview.swift in Sources */,
				1BDAFB1D2A8F5C2000A9F444 /* Helper.swift in Sources */,
				1BDAFB772A8F9FF200A9F444 /* WeatherDetailsViewController.swift in Sources */,
				1BDAFB152A8F5A2800A9F444 /* Enumerations.swift in Sources */,
				1BDAFADB2A8F501C00A9F444 /* SceneDelegate.swift in Sources */,
				1BDAFB172A8F5A3600A9F444 /* Constant.swift in Sources */,
				1BDAFB232A8F5DA600A9F444 /* CurrentWeatherViewModel.swift in Sources */,
				1BDAFB712A8F8BE500A9F444 /* Extensions.swift in Sources */,
				1B5F31DF2A93899D005150E9 /* WeatherViewController+Location.swift in Sources */,
			);
			runOnlyForDeploymentPostprocessing = 0;
		};
		1BDAFAE72A8F501D00A9F444 /* Sources */ = {
			isa = PBXSourcesBuildPhase;
			buildActionMask = 2147483647;
			files = (
				1B9515732A900919001AB475 /* APIServiceTests.swift in Sources */,
				1BDAFAF02A8F501D00A9F444 /* DailyWeatherTests.swift in Sources */,
			);
			runOnlyForDeploymentPostprocessing = 0;
		};
		1BDAFAF12A8F501D00A9F444 /* Sources */ = {
			isa = PBXSourcesBuildPhase;
			buildActionMask = 2147483647;
			files = (
				1BDAFAFA2A8F501D00A9F444 /* DailyWeatherUITests.swift in Sources */,
				1BDAFAFC2A8F501D00A9F444 /* DailyWeatherUITestsLaunchTests.swift in Sources */,
			);
			runOnlyForDeploymentPostprocessing = 0;
		};
/* End PBXSourcesBuildPhase section */

/* Begin PBXTargetDependency section */
		1BDAFAED2A8F501D00A9F444 /* PBXTargetDependency */ = {
			isa = PBXTargetDependency;
			target = 1BDAFAD42A8F501C00A9F444 /* DailyWeather */;
			targetProxy = 1BDAFAEC2A8F501D00A9F444 /* PBXContainerItemProxy */;
		};
		1BDAFAF72A8F501D00A9F444 /* PBXTargetDependency */ = {
			isa = PBXTargetDependency;
			target = 1BDAFAD42A8F501C00A9F444 /* DailyWeather */;
			targetProxy = 1BDAFAF62A8F501D00A9F444 /* PBXContainerItemProxy */;
		};
/* End PBXTargetDependency section */

/* Begin PBXVariantGroup section */
		1BDAFADE2A8F501C00A9F444 /* Main.storyboard */ = {
			isa = PBXVariantGroup;
			children = (
				1BDAFADF2A8F501C00A9F444 /* Base */,
			);
			name = Main.storyboard;
			sourceTree = "<group>";
		};
		1BDAFAE32A8F501D00A9F444 /* LaunchScreen.storyboard */ = {
			isa = PBXVariantGroup;
			children = (
				1BDAFAE42A8F501D00A9F444 /* Base */,
			);
			name = LaunchScreen.storyboard;
			sourceTree = "<group>";
		};
/* End PBXVariantGroup section */

/* Begin XCBuildConfiguration section */
		1BDAFAFD2A8F501D00A9F444 /* Debug */ = {
			isa = XCBuildConfiguration;
			buildSettings = {
				ALWAYS_SEARCH_USER_PATHS = NO;
				CLANG_ANALYZER_NONNULL = YES;
				CLANG_ANALYZER_NUMBER_OBJECT_CONVERSION = YES_AGGRESSIVE;
				CLANG_CXX_LANGUAGE_STANDARD = "gnu++20";
				CLANG_ENABLE_MODULES = YES;
				CLANG_ENABLE_OBJC_ARC = YES;
				CLANG_ENABLE_OBJC_WEAK = YES;
				CLANG_WARN_BLOCK_CAPTURE_AUTORELEASING = YES;
				CLANG_WARN_BOOL_CONVERSION = YES;
				CLANG_WARN_COMMA = YES;
				CLANG_WARN_CONSTANT_CONVERSION = YES;
				CLANG_WARN_DEPRECATED_OBJC_IMPLEMENTATIONS = YES;
				CLANG_WARN_DIRECT_OBJC_ISA_USAGE = YES_ERROR;
				CLANG_WARN_DOCUMENTATION_COMMENTS = YES;
				CLANG_WARN_EMPTY_BODY = YES;
				CLANG_WARN_ENUM_CONVERSION = YES;
				CLANG_WARN_INFINITE_RECURSION = YES;
				CLANG_WARN_INT_CONVERSION = YES;
				CLANG_WARN_NON_LITERAL_NULL_CONVERSION = YES;
				CLANG_WARN_OBJC_IMPLICIT_RETAIN_SELF = YES;
				CLANG_WARN_OBJC_LITERAL_CONVERSION = YES;
				CLANG_WARN_OBJC_ROOT_CLASS = YES_ERROR;
				CLANG_WARN_QUOTED_INCLUDE_IN_FRAMEWORK_HEADER = YES;
				CLANG_WARN_RANGE_LOOP_ANALYSIS = YES;
				CLANG_WARN_STRICT_PROTOTYPES = YES;
				CLANG_WARN_SUSPICIOUS_MOVE = YES;
				CLANG_WARN_UNGUARDED_AVAILABILITY = YES_AGGRESSIVE;
				CLANG_WARN_UNREACHABLE_CODE = YES;
				CLANG_WARN__DUPLICATE_METHOD_MATCH = YES;
				COPY_PHASE_STRIP = NO;
				DEBUG_INFORMATION_FORMAT = dwarf;
				ENABLE_STRICT_OBJC_MSGSEND = YES;
				ENABLE_TESTABILITY = YES;
				GCC_C_LANGUAGE_STANDARD = gnu11;
				GCC_DYNAMIC_NO_PIC = NO;
				GCC_NO_COMMON_BLOCKS = YES;
				GCC_OPTIMIZATION_LEVEL = 0;
				GCC_PREPROCESSOR_DEFINITIONS = (
					"DEBUG=1",
					"$(inherited)",
				);
				GCC_WARN_64_TO_32_BIT_CONVERSION = YES;
				GCC_WARN_ABOUT_RETURN_TYPE = YES_ERROR;
				GCC_WARN_UNDECLARED_SELECTOR = YES;
				GCC_WARN_UNINITIALIZED_AUTOS = YES_AGGRESSIVE;
				GCC_WARN_UNUSED_FUNCTION = YES;
				GCC_WARN_UNUSED_VARIABLE = YES;
				IPHONEOS_DEPLOYMENT_TARGET = 16.4;
				MTL_ENABLE_DEBUG_INFO = INCLUDE_SOURCE;
				MTL_FAST_MATH = YES;
				ONLY_ACTIVE_ARCH = YES;
				SDKROOT = iphoneos;
				SWIFT_ACTIVE_COMPILATION_CONDITIONS = DEBUG;
				SWIFT_OPTIMIZATION_LEVEL = "-Onone";
			};
			name = Debug;
		};
		1BDAFAFE2A8F501D00A9F444 /* Release */ = {
			isa = XCBuildConfiguration;
			buildSettings = {
				ALWAYS_SEARCH_USER_PATHS = NO;
				CLANG_ANALYZER_NONNULL = YES;
				CLANG_ANALYZER_NUMBER_OBJECT_CONVERSION = YES_AGGRESSIVE;
				CLANG_CXX_LANGUAGE_STANDARD = "gnu++20";
				CLANG_ENABLE_MODULES = YES;
				CLANG_ENABLE_OBJC_ARC = YES;
				CLANG_ENABLE_OBJC_WEAK = YES;
				CLANG_WARN_BLOCK_CAPTURE_AUTORELEASING = YES;
				CLANG_WARN_BOOL_CONVERSION = YES;
				CLANG_WARN_COMMA = YES;
				CLANG_WARN_CONSTANT_CONVERSION = YES;
				CLANG_WARN_DEPRECATED_OBJC_IMPLEMENTATIONS = YES;
				CLANG_WARN_DIRECT_OBJC_ISA_USAGE = YES_ERROR;
				CLANG_WARN_DOCUMENTATION_COMMENTS = YES;
				CLANG_WARN_EMPTY_BODY = YES;
				CLANG_WARN_ENUM_CONVERSION = YES;
				CLANG_WARN_INFINITE_RECURSION = YES;
				CLANG_WARN_INT_CONVERSION = YES;
				CLANG_WARN_NON_LITERAL_NULL_CONVERSION = YES;
				CLANG_WARN_OBJC_IMPLICIT_RETAIN_SELF = YES;
				CLANG_WARN_OBJC_LITERAL_CONVERSION = YES;
				CLANG_WARN_OBJC_ROOT_CLASS = YES_ERROR;
				CLANG_WARN_QUOTED_INCLUDE_IN_FRAMEWORK_HEADER = YES;
				CLANG_WARN_RANGE_LOOP_ANALYSIS = YES;
				CLANG_WARN_STRICT_PROTOTYPES = YES;
				CLANG_WARN_SUSPICIOUS_MOVE = YES;
				CLANG_WARN_UNGUARDED_AVAILABILITY = YES_AGGRESSIVE;
				CLANG_WARN_UNREACHABLE_CODE = YES;
				CLANG_WARN__DUPLICATE_METHOD_MATCH = YES;
				COPY_PHASE_STRIP = NO;
				DEBUG_INFORMATION_FORMAT = "dwarf-with-dsym";
				ENABLE_NS_ASSERTIONS = NO;
				ENABLE_STRICT_OBJC_MSGSEND = YES;
				GCC_C_LANGUAGE_STANDARD = gnu11;
				GCC_NO_COMMON_BLOCKS = YES;
				GCC_WARN_64_TO_32_BIT_CONVERSION = YES;
				GCC_WARN_ABOUT_RETURN_TYPE = YES_ERROR;
				GCC_WARN_UNDECLARED_SELECTOR = YES;
				GCC_WARN_UNINITIALIZED_AUTOS = YES_AGGRESSIVE;
				GCC_WARN_UNUSED_FUNCTION = YES;
				GCC_WARN_UNUSED_VARIABLE = YES;
				IPHONEOS_DEPLOYMENT_TARGET = 16.4;
				MTL_ENABLE_DEBUG_INFO = NO;
				MTL_FAST_MATH = YES;
				SDKROOT = iphoneos;
				SWIFT_COMPILATION_MODE = wholemodule;
				SWIFT_OPTIMIZATION_LEVEL = "-O";
				VALIDATE_PRODUCT = YES;
			};
			name = Release;
		};
		1BDAFB002A8F501D00A9F444 /* Debug */ = {
			isa = XCBuildConfiguration;
			buildSettings = {
				ASSETCATALOG_COMPILER_APPICON_NAME = AppIcon;
				ASSETCATALOG_COMPILER_GLOBAL_ACCENT_COLOR_NAME = AccentColor;
				CODE_SIGN_IDENTITY = "Apple Development";
				CODE_SIGN_STYLE = Automatic;
				CURRENT_PROJECT_VERSION = 1;
				DEVELOPMENT_TEAM = NUS4Q3BL94;
				GENERATE_INFOPLIST_FILE = YES;
				INFOPLIST_FILE = DailyWeather/Info.plist;
				INFOPLIST_KEY_LSApplicationCategoryType = "public.app-category.weather";
				INFOPLIST_KEY_UIApplicationSupportsIndirectInputEvents = YES;
				INFOPLIST_KEY_UILaunchStoryboardName = LaunchScreen;
				INFOPLIST_KEY_UIMainStoryboardFile = Main;
				INFOPLIST_KEY_UISupportedInterfaceOrientations = UIInterfaceOrientationPortrait;
				IPHONEOS_DEPLOYMENT_TARGET = 14.0;
				LD_RUNPATH_SEARCH_PATHS = (
					"$(inherited)",
					"@executable_path/Frameworks",
				);
				MARKETING_VERSION = 1.0;
				PRODUCT_BUNDLE_IDENTIFIER = com.maniyechuri.DailyWeather;
				PRODUCT_NAME = "$(TARGET_NAME)";
				PROVISIONING_PROFILE_SPECIFIER = "";
				SWIFT_EMIT_LOC_STRINGS = YES;
				SWIFT_VERSION = 5.0;
				TARGETED_DEVICE_FAMILY = "1,2";
			};
			name = Debug;
		};
		1BDAFB012A8F501D00A9F444 /* Release */ = {
			isa = XCBuildConfiguration;
			buildSettings = {
				ASSETCATALOG_COMPILER_APPICON_NAME = AppIcon;
				ASSETCATALOG_COMPILER_GLOBAL_ACCENT_COLOR_NAME = AccentColor;
				CODE_SIGN_IDENTITY = "Apple Development";
				CODE_SIGN_STYLE = Automatic;
				CURRENT_PROJECT_VERSION = 1;
				DEVELOPMENT_TEAM = NUS4Q3BL94;
				GENERATE_INFOPLIST_FILE = YES;
				INFOPLIST_FILE = DailyWeather/Info.plist;
				INFOPLIST_KEY_LSApplicationCategoryType = "public.app-category.weather";
				INFOPLIST_KEY_UIApplicationSupportsIndirectInputEvents = YES;
				INFOPLIST_KEY_UILaunchStoryboardName = LaunchScreen;
				INFOPLIST_KEY_UIMainStoryboardFile = Main;
				INFOPLIST_KEY_UISupportedInterfaceOrientations = UIInterfaceOrientationPortrait;
				IPHONEOS_DEPLOYMENT_TARGET = 14.0;
				LD_RUNPATH_SEARCH_PATHS = (
					"$(inherited)",
					"@executable_path/Frameworks",
				);
				MARKETING_VERSION = 1.0;
				PRODUCT_BUNDLE_IDENTIFIER = com.maniyechuri.DailyWeather;
				PRODUCT_NAME = "$(TARGET_NAME)";
				PROVISIONING_PROFILE_SPECIFIER = "";
				SWIFT_EMIT_LOC_STRINGS = YES;
				SWIFT_VERSION = 5.0;
				TARGETED_DEVICE_FAMILY = "1,2";
			};
			name = Release;
		};
		1BDAFB032A8F501D00A9F444 /* Debug */ = {
			isa = XCBuildConfiguration;
			buildSettings = {
				ALWAYS_EMBED_SWIFT_STANDARD_LIBRARIES = YES;
				BUNDLE_LOADER = "$(TEST_HOST)";
				CODE_SIGN_STYLE = Automatic;
				CURRENT_PROJECT_VERSION = 1;
				DEVELOPMENT_TEAM = NUS4Q3BL94;
				GENERATE_INFOPLIST_FILE = YES;
				IPHONEOS_DEPLOYMENT_TARGET = 14.0;
				MARKETING_VERSION = 1.0;
				PRODUCT_BUNDLE_IDENTIFIER = com.maniyechuri.DailyWeatherTests;
				PRODUCT_NAME = "$(TARGET_NAME)";
				SWIFT_EMIT_LOC_STRINGS = NO;
				SWIFT_VERSION = 5.0;
				TARGETED_DEVICE_FAMILY = "1,2";
				TEST_HOST = "$(BUILT_PRODUCTS_DIR)/DailyWeather.app/$(BUNDLE_EXECUTABLE_FOLDER_PATH)/DailyWeather";
			};
			name = Debug;
		};
		1BDAFB042A8F501D00A9F444 /* Release */ = {
			isa = XCBuildConfiguration;
			buildSettings = {
				ALWAYS_EMBED_SWIFT_STANDARD_LIBRARIES = YES;
				BUNDLE_LOADER = "$(TEST_HOST)";
				CODE_SIGN_STYLE = Automatic;
				CURRENT_PROJECT_VERSION = 1;
				DEVELOPMENT_TEAM = NUS4Q3BL94;
				GENERATE_INFOPLIST_FILE = YES;
				IPHONEOS_DEPLOYMENT_TARGET = 14.0;
				MARKETING_VERSION = 1.0;
				PRODUCT_BUNDLE_IDENTIFIER = com.maniyechuri.DailyWeatherTests;
				PRODUCT_NAME = "$(TARGET_NAME)";
				SWIFT_EMIT_LOC_STRINGS = NO;
				SWIFT_VERSION = 5.0;
				TARGETED_DEVICE_FAMILY = "1,2";
				TEST_HOST = "$(BUILT_PRODUCTS_DIR)/DailyWeather.app/$(BUNDLE_EXECUTABLE_FOLDER_PATH)/DailyWeather";
			};
			name = Release;
		};
		1BDAFB062A8F501D00A9F444 /* Debug */ = {
			isa = XCBuildConfiguration;
			buildSettings = {
				ALWAYS_EMBED_SWIFT_STANDARD_LIBRARIES = YES;
				CODE_SIGN_STYLE = Automatic;
				CURRENT_PROJECT_VERSION = 1;
				DEVELOPMENT_TEAM = NUS4Q3BL94;
				GENERATE_INFOPLIST_FILE = YES;
				IPHONEOS_DEPLOYMENT_TARGET = 14.0;
				MARKETING_VERSION = 1.0;
				PRODUCT_BUNDLE_IDENTIFIER = com.maniyechuri.DailyWeatherUITests;
				PRODUCT_NAME = "$(TARGET_NAME)";
				SWIFT_EMIT_LOC_STRINGS = NO;
				SWIFT_VERSION = 5.0;
				TARGETED_DEVICE_FAMILY = "1,2";
				TEST_TARGET_NAME = DailyWeather;
			};
			name = Debug;
		};
		1BDAFB072A8F501D00A9F444 /* Release */ = {
			isa = XCBuildConfiguration;
			buildSettings = {
				ALWAYS_EMBED_SWIFT_STANDARD_LIBRARIES = YES;
				CODE_SIGN_STYLE = Automatic;
				CURRENT_PROJECT_VERSION = 1;
				DEVELOPMENT_TEAM = NUS4Q3BL94;
				GENERATE_INFOPLIST_FILE = YES;
				IPHONEOS_DEPLOYMENT_TARGET = 14.0;
				MARKETING_VERSION = 1.0;
				PRODUCT_BUNDLE_IDENTIFIER = com.maniyechuri.DailyWeatherUITests;
				PRODUCT_NAME = "$(TARGET_NAME)";
				SWIFT_EMIT_LOC_STRINGS = NO;
				SWIFT_VERSION = 5.0;
				TARGETED_DEVICE_FAMILY = "1,2";
				TEST_TARGET_NAME = DailyWeather;
			};
			name = Release;
		};
/* End XCBuildConfiguration section */

/* Begin XCConfigurationList section */
		1BDAFAD02A8F501C00A9F444 /* Build configuration list for PBXProject "DailyWeather" */ = {
			isa = XCConfigurationList;
			buildConfigurations = (
				1BDAFAFD2A8F501D00A9F444 /* Debug */,
				1BDAFAFE2A8F501D00A9F444 /* Release */,
			);
			defaultConfigurationIsVisible = 0;
			defaultConfigurationName = Release;
		};
		1BDAFAFF2A8F501D00A9F444 /* Build configuration list for PBXNativeTarget "DailyWeather" */ = {
			isa = XCConfigurationList;
			buildConfigurations = (
				1BDAFB002A8F501D00A9F444 /* Debug */,
				1BDAFB012A8F501D00A9F444 /* Release */,
			);
			defaultConfigurationIsVisible = 0;
			defaultConfigurationName = Release;
		};
		1BDAFB022A8F501D00A9F444 /* Build configuration list for PBXNativeTarget "DailyWeatherTests" */ = {
			isa = XCConfigurationList;
			buildConfigurations = (
				1BDAFB032A8F501D00A9F444 /* Debug */,
				1BDAFB042A8F501D00A9F444 /* Release */,
			);
			defaultConfigurationIsVisible = 0;
			defaultConfigurationName = Release;
		};
		1BDAFB052A8F501D00A9F444 /* Build configuration list for PBXNativeTarget "DailyWeatherUITests" */ = {
			isa = XCConfigurationList;
			buildConfigurations = (
				1BDAFB062A8F501D00A9F444 /* Debug */,
				1BDAFB072A8F501D00A9F444 /* Release */,
			);
			defaultConfigurationIsVisible = 0;
			defaultConfigurationName = Release;
		};
/* End XCConfigurationList section */
	};
	rootObject = 1BDAFACD2A8F501C00A9F444 /* Project object */;
}
